{
  "object": {
    "pins": [
      {
        "package": "BEPureLayout",
        "repositoryURL": "https://github.com/bigearsenal/BEPureLayout.git",
        "state": {
          "branch": "feature/spacer",
          "revision": "3134f435765840bb0a5180fb19bdad015d90d901",
          "version": null
        }
      },
      {
        "package": "PureLayout",
        "repositoryURL": "https://github.com/PureLayout/PureLayout.git",
        "state": {
          "branch": null,
          "revision": "3bcbfe370f85b81254de4d6b9df3dd4a70d4ca89",
          "version": "3.1.8"
        }
      },
      {
        "package": "SwiftDocCPlugin",
        "repositoryURL": "https://github.com/apple/swift-docc-plugin",
        "state": {
          "branch": null,
          "revision": "3303b164430d9a7055ba484c8ead67a52f7b74f6",
          "version": "1.0.0"
        }
      }
    ]
  },
  "version": 1
}
